// !$*UTF8*$!
{
	archiveVersion = 1;
	classes = {
	};
	objectVersion = 56;
	objects = {

/* Begin PBXBuildFile section */
		043EB3E72BD2919E00D4144F /* example_lesson.json in Resources */ = {isa = PBXBuildFile; fileRef = 043EB3E62BD2919E00D4144F /* example_lesson.json */; };
		0468018E2BDA6FFB003EBDD8 /* QuestionAlertView.swift in Sources */ = {isa = PBXBuildFile; fileRef = 0468018D2BDA6FFB003EBDD8 /* QuestionAlertView.swift */; };
		04A102DF2BD921EC004BCD2D /* pandaPNG.png in Resources */ = {isa = PBXBuildFile; fileRef = 04A102DE2BD921EC004BCD2D /* pandaPNG.png */; };
		04A102E22BD9225D004BCD2D /* test2.png in Resources */ = {isa = PBXBuildFile; fileRef = 04A102E02BD9225D004BCD2D /* test2.png */; };
		04A102E32BD9225D004BCD2D /* test.png in Resources */ = {isa = PBXBuildFile; fileRef = 04A102E12BD9225D004BCD2D /* test.png */; };
		04A102E52BD92316004BCD2D /* ExerciseStartView.swift in Sources */ = {isa = PBXBuildFile; fileRef = 04A102E42BD92316004BCD2D /* ExerciseStartView.swift */; };
		04A6B48A2BD2ED2800A8C3F9 /* ExerciseEndView.swift in Sources */ = {isa = PBXBuildFile; fileRef = 04A6B4892BD2ED2800A8C3F9 /* ExerciseEndView.swift */; };
		04AA93AC2BCFEB4900618E3C /* Extensions.swift in Sources */ = {isa = PBXBuildFile; fileRef = 04AA93992BCFEB4900618E3C /* Extensions.swift */; };
		04AA93AD2BCFEB4900618E3C /* Preview Assets.xcassets in Resources */ = {isa = PBXBuildFile; fileRef = 04AA939A2BCFEB4900618E3C /* Preview Assets.xcassets */; };
		04AA93AE2BCFEB4900618E3C /* QuestionModel.swift in Sources */ = {isa = PBXBuildFile; fileRef = 04AA939C2BCFEB4900618E3C /* QuestionModel.swift */; };
		04AA93B02BCFEB4900618E3C /* LessonModel.swift in Sources */ = {isa = PBXBuildFile; fileRef = 04AA939E2BCFEB4900618E3C /* LessonModel.swift */; };
		04AA93B12BCFEB4900618E3C /* LessonViewModel.swift in Sources */ = {isa = PBXBuildFile; fileRef = 04AA93A02BCFEB4900618E3C /* LessonViewModel.swift */; };
		04AA93B32BCFEB4900618E3C /* ExerciseViewModel.swift in Sources */ = {isa = PBXBuildFile; fileRef = 04AA93A22BCFEB4900618E3C /* ExerciseViewModel.swift */; };
		04AA93B42BCFEB4900618E3C /* TaskCompletionIconView.swift in Sources */ = {isa = PBXBuildFile; fileRef = 04AA93A52BCFEB4900618E3C /* TaskCompletionIconView.swift */; };
		04AA93B52BCFEB4900618E3C /* TaskRowView.swift in Sources */ = {isa = PBXBuildFile; fileRef = 04AA93A62BCFEB4900618E3C /* TaskRowView.swift */; };
		04AA93B62BCFEB4900618E3C /* TaskView.swift in Sources */ = {isa = PBXBuildFile; fileRef = 04AA93A72BCFEB4900618E3C /* TaskView.swift */; };
		04AA93B72BCFEB4900618E3C /* NoLessonsView.swift in Sources */ = {isa = PBXBuildFile; fileRef = 04AA93A82BCFEB4900618E3C /* NoLessonsView.swift */; };
		04AA93B82BCFEB4900618E3C /* lessons.json in Resources */ = {isa = PBXBuildFile; fileRef = 04AA93AA2BCFEB4900618E3C /* lessons.json */; };
		04AA93C32BCFF51900618E3C /* QuestionView.swift in Sources */ = {isa = PBXBuildFile; fileRef = 04AA93BB2BCFF51900618E3C /* QuestionView.swift */; };
		04AA93C42BCFF51900618E3C /* QuestionChoiceBox.swift in Sources */ = {isa = PBXBuildFile; fileRef = 04AA93BC2BCFF51900618E3C /* QuestionChoiceBox.swift */; };
		04AA93C52BCFF51900618E3C /* QuestionChoiceView.swift in Sources */ = {isa = PBXBuildFile; fileRef = 04AA93BD2BCFF51900618E3C /* QuestionChoiceView.swift */; };
		04AA93C62BCFF51900618E3C /* ExerciseView.swift in Sources */ = {isa = PBXBuildFile; fileRef = 04AA93BE2BCFF51900618E3C /* ExerciseView.swift */; };
		04AA93C72BCFF51900618E3C /* HelpButtonView.swift in Sources */ = {isa = PBXBuildFile; fileRef = 04AA93BF2BCFF51900618E3C /* HelpButtonView.swift */; };
		04AA93C82BCFF51900618E3C /* HintView.swift in Sources */ = {isa = PBXBuildFile; fileRef = 04AA93C02BCFF51900618E3C /* HintView.swift */; };
		04AA93C92BCFF51900618E3C /* QuestionBoxView.swift in Sources */ = {isa = PBXBuildFile; fileRef = 04AA93C12BCFF51900618E3C /* QuestionBoxView.swift */; };
		04AA93CA2BCFF51900618E3C /* BreakView.swift in Sources */ = {isa = PBXBuildFile; fileRef = 04AA93C22BCFF51900618E3C /* BreakView.swift */; };
		04AA93CF2BCFF52200618E3C /* VideoPlayerView.swift in Sources */ = {isa = PBXBuildFile; fileRef = 04AA93CC2BCFF52200618E3C /* VideoPlayerView.swift */; };
		04AA93D02BCFF52200618E3C /* LearnView.swift in Sources */ = {isa = PBXBuildFile; fileRef = 04AA93CD2BCFF52200618E3C /* LearnView.swift */; };
		04AA93D12BCFF52200618E3C /* VideoIconView.swift in Sources */ = {isa = PBXBuildFile; fileRef = 04AA93CE2BCFF52200618E3C /* VideoIconView.swift */; };
		04AA93D42BCFF5B500618E3C /* LaTeXSwiftUI in Frameworks */ = {isa = PBXBuildFile; productRef = 04AA93D32BCFF5B500618E3C /* LaTeXSwiftUI */; };
		04AA93D72BCFF78600618E3C /* test.mp4 in Resources */ = {isa = PBXBuildFile; fileRef = 04AA93D62BCFF78600618E3C /* test.mp4 */; };
		04AA93DE2BD0072900618E3C /* ViewFactory.swift in Sources */ = {isa = PBXBuildFile; fileRef = 04AA93DD2BD0072800618E3C /* ViewFactory.swift */; };
		04B4D21B2BCED4A4007538DB /* ADHD_MathApp.swift in Sources */ = {isa = PBXBuildFile; fileRef = 04B4D21A2BCED4A4007538DB /* ADHD_MathApp.swift */; };
		04B4D21F2BCED4A6007538DB /* Assets.xcassets in Resources */ = {isa = PBXBuildFile; fileRef = 04B4D21E2BCED4A6007538DB /* Assets.xcassets */; };
		04B4D2222BCED4A6007538DB /* Preview Assets.xcassets in Resources */ = {isa = PBXBuildFile; fileRef = 04B4D2212BCED4A6007538DB /* Preview Assets.xcassets */; };
/* End PBXBuildFile section */

/* Begin PBXFileReference section */
		043EB3E62BD2919E00D4144F /* example_lesson.json */ = {isa = PBXFileReference; fileEncoding = 4; lastKnownFileType = text.json; path = example_lesson.json; sourceTree = "<group>"; };
		0468018D2BDA6FFB003EBDD8 /* QuestionAlertView.swift */ = {isa = PBXFileReference; lastKnownFileType = sourcecode.swift; path = QuestionAlertView.swift; sourceTree = "<group>"; };
		04A102DE2BD921EC004BCD2D /* pandaPNG.png */ = {isa = PBXFileReference; lastKnownFileType = image.png; path = pandaPNG.png; sourceTree = "<group>"; };
		04A102E02BD9225D004BCD2D /* test2.png */ = {isa = PBXFileReference; lastKnownFileType = image.png; path = test2.png; sourceTree = "<group>"; };
		04A102E12BD9225D004BCD2D /* test.png */ = {isa = PBXFileReference; lastKnownFileType = image.png; path = test.png; sourceTree = "<group>"; };
		04A102E42BD92316004BCD2D /* ExerciseStartView.swift */ = {isa = PBXFileReference; lastKnownFileType = sourcecode.swift; path = ExerciseStartView.swift; sourceTree = "<group>"; };
		04A6B4892BD2ED2800A8C3F9 /* ExerciseEndView.swift */ = {isa = PBXFileReference; lastKnownFileType = sourcecode.swift; path = ExerciseEndView.swift; sourceTree = "<group>"; };
		04AA93992BCFEB4900618E3C /* Extensions.swift */ = {isa = PBXFileReference; fileEncoding = 4; lastKnownFileType = sourcecode.swift; path = Extensions.swift; sourceTree = "<group>"; };
		04AA939A2BCFEB4900618E3C /* Preview Assets.xcassets */ = {isa = PBXFileReference; lastKnownFileType = folder.assetcatalog; path = "Preview Assets.xcassets"; sourceTree = "<group>"; };
		04AA939C2BCFEB4900618E3C /* QuestionModel.swift */ = {isa = PBXFileReference; fileEncoding = 4; lastKnownFileType = sourcecode.swift; path = QuestionModel.swift; sourceTree = "<group>"; };
		04AA939E2BCFEB4900618E3C /* LessonModel.swift */ = {isa = PBXFileReference; fileEncoding = 4; lastKnownFileType = sourcecode.swift; path = LessonModel.swift; sourceTree = "<group>"; };
		04AA93A02BCFEB4900618E3C /* LessonViewModel.swift */ = {isa = PBXFileReference; fileEncoding = 4; lastKnownFileType = sourcecode.swift; path = LessonViewModel.swift; sourceTree = "<group>"; };
		04AA93A22BCFEB4900618E3C /* ExerciseViewModel.swift */ = {isa = PBXFileReference; fileEncoding = 4; lastKnownFileType = sourcecode.swift; path = ExerciseViewModel.swift; sourceTree = "<group>"; };
		04AA93A52BCFEB4900618E3C /* TaskCompletionIconView.swift */ = {isa = PBXFileReference; fileEncoding = 4; lastKnownFileType = sourcecode.swift; path = TaskCompletionIconView.swift; sourceTree = "<group>"; };
		04AA93A62BCFEB4900618E3C /* TaskRowView.swift */ = {isa = PBXFileReference; fileEncoding = 4; lastKnownFileType = sourcecode.swift; path = TaskRowView.swift; sourceTree = "<group>"; };
		04AA93A72BCFEB4900618E3C /* TaskView.swift */ = {isa = PBXFileReference; fileEncoding = 4; lastKnownFileType = sourcecode.swift; path = TaskView.swift; sourceTree = "<group>"; };
		04AA93A82BCFEB4900618E3C /* NoLessonsView.swift */ = {isa = PBXFileReference; fileEncoding = 4; lastKnownFileType = sourcecode.swift; path = NoLessonsView.swift; sourceTree = "<group>"; };
		04AA93AA2BCFEB4900618E3C /* lessons.json */ = {isa = PBXFileReference; fileEncoding = 4; lastKnownFileType = text.json; path = lessons.json; sourceTree = "<group>"; };
		04AA93BB2BCFF51900618E3C /* QuestionView.swift */ = {isa = PBXFileReference; fileEncoding = 4; lastKnownFileType = sourcecode.swift; path = QuestionView.swift; sourceTree = "<group>"; };
		04AA93BC2BCFF51900618E3C /* QuestionChoiceBox.swift */ = {isa = PBXFileReference; fileEncoding = 4; lastKnownFileType = sourcecode.swift; path = QuestionChoiceBox.swift; sourceTree = "<group>"; };
		04AA93BD2BCFF51900618E3C /* QuestionChoiceView.swift */ = {isa = PBXFileReference; fileEncoding = 4; lastKnownFileType = sourcecode.swift; path = QuestionChoiceView.swift; sourceTree = "<group>"; };
		04AA93BE2BCFF51900618E3C /* ExerciseView.swift */ = {isa = PBXFileReference; fileEncoding = 4; lastKnownFileType = sourcecode.swift; path = ExerciseView.swift; sourceTree = "<group>"; };
		04AA93BF2BCFF51900618E3C /* HelpButtonView.swift */ = {isa = PBXFileReference; fileEncoding = 4; lastKnownFileType = sourcecode.swift; path = HelpButtonView.swift; sourceTree = "<group>"; };
		04AA93C02BCFF51900618E3C /* HintView.swift */ = {isa = PBXFileReference; fileEncoding = 4; lastKnownFileType = sourcecode.swift; path = HintView.swift; sourceTree = "<group>"; };
		04AA93C12BCFF51900618E3C /* QuestionBoxView.swift */ = {isa = PBXFileReference; fileEncoding = 4; lastKnownFileType = sourcecode.swift; path = QuestionBoxView.swift; sourceTree = "<group>"; };
		04AA93C22BCFF51900618E3C /* BreakView.swift */ = {isa = PBXFileReference; fileEncoding = 4; lastKnownFileType = sourcecode.swift; path = BreakView.swift; sourceTree = "<group>"; };
		04AA93CC2BCFF52200618E3C /* VideoPlayerView.swift */ = {isa = PBXFileReference; fileEncoding = 4; lastKnownFileType = sourcecode.swift; path = VideoPlayerView.swift; sourceTree = "<group>"; };
		04AA93CD2BCFF52200618E3C /* LearnView.swift */ = {isa = PBXFileReference; fileEncoding = 4; lastKnownFileType = sourcecode.swift; path = LearnView.swift; sourceTree = "<group>"; };
		04AA93CE2BCFF52200618E3C /* VideoIconView.swift */ = {isa = PBXFileReference; fileEncoding = 4; lastKnownFileType = sourcecode.swift; path = VideoIconView.swift; sourceTree = "<group>"; };
		04AA93D62BCFF78600618E3C /* test.mp4 */ = {isa = PBXFileReference; lastKnownFileType = file; path = test.mp4; sourceTree = "<group>"; };
		04AA93DD2BD0072800618E3C /* ViewFactory.swift */ = {isa = PBXFileReference; fileEncoding = 4; lastKnownFileType = sourcecode.swift; path = ViewFactory.swift; sourceTree = "<group>"; };
		04B4D2172BCED4A4007538DB /* ADHD Math.app */ = {isa = PBXFileReference; explicitFileType = wrapper.application; includeInIndex = 0; path = "ADHD Math.app"; sourceTree = BUILT_PRODUCTS_DIR; };
		04B4D21A2BCED4A4007538DB /* ADHD_MathApp.swift */ = {isa = PBXFileReference; lastKnownFileType = sourcecode.swift; path = ADHD_MathApp.swift; sourceTree = "<group>"; };
		04B4D21E2BCED4A6007538DB /* Assets.xcassets */ = {isa = PBXFileReference; lastKnownFileType = folder.assetcatalog; path = Assets.xcassets; sourceTree = "<group>"; };
		04B4D2212BCED4A6007538DB /* Preview Assets.xcassets */ = {isa = PBXFileReference; lastKnownFileType = folder.assetcatalog; path = "Preview Assets.xcassets"; sourceTree = "<group>"; };
/* End PBXFileReference section */

/* Begin PBXFrameworksBuildPhase section */
		04B4D2142BCED4A4007538DB /* Frameworks */ = {
			isa = PBXFrameworksBuildPhase;
			buildActionMask = 2147483647;
			files = (
				04AA93D42BCFF5B500618E3C /* LaTeXSwiftUI in Frameworks */,
			);
			runOnlyForDeploymentPostprocessing = 0;
		};
/* End PBXFrameworksBuildPhase section */

/* Begin PBXGroup section */
		043EB3E52BD2917300D4144F /* questions */ = {
			isa = PBXGroup;
			children = (
				043EB3E62BD2919E00D4144F /* example_lesson.json */,
			);
			path = questions;
			sourceTree = "<group>";
		};
		04A102D62BD91F3E004BCD2D /* LocalFiles */ = {
			isa = PBXGroup;
			children = (
				04A102D72BD91F4B004BCD2D /* Images */,
				04AA93D52BCFF78600618E3C /* Videos */,
				04AA93A92BCFEB4900618E3C /* JSON */,
			);
			path = LocalFiles;
			sourceTree = "<group>";
		};
		04A102D72BD91F4B004BCD2D /* Images */ = {
			isa = PBXGroup;
			children = (
				04A102E12BD9225D004BCD2D /* test.png */,
				04A102E02BD9225D004BCD2D /* test2.png */,
				04A102DE2BD921EC004BCD2D /* pandaPNG.png */,
			);
			path = Images;
			sourceTree = "<group>";
		};
		04AA93982BCFEB4900618E3C /* Preview Content */ = {
			isa = PBXGroup;
			children = (
				04AA93992BCFEB4900618E3C /* Extensions.swift */,
				04AA939A2BCFEB4900618E3C /* Preview Assets.xcassets */,
			);
			path = "Preview Content";
			sourceTree = "<group>";
		};
		04AA939B2BCFEB4900618E3C /* Models */ = {
			isa = PBXGroup;
			children = (
				04AA939C2BCFEB4900618E3C /* QuestionModel.swift */,
				04AA939E2BCFEB4900618E3C /* LessonModel.swift */,
			);
			path = Models;
			sourceTree = "<group>";
		};
		04AA939F2BCFEB4900618E3C /* ViewModels */ = {
			isa = PBXGroup;
			children = (
				04AA93A02BCFEB4900618E3C /* LessonViewModel.swift */,
				04AA93A22BCFEB4900618E3C /* ExerciseViewModel.swift */,
			);
			path = ViewModels;
			sourceTree = "<group>";
		};
		04AA93A32BCFEB4900618E3C /* Views */ = {
			isa = PBXGroup;
			children = (
				04AA93DD2BD0072800618E3C /* ViewFactory.swift */,
				04AA93CB2BCFF52200618E3C /* LearnView */,
				04AA93BA2BCFF51900618E3C /* QuestionView */,
				04AA93A42BCFEB4900618E3C /* TaskView */,
			);
			path = Views;
			sourceTree = "<group>";
		};
		04AA93A42BCFEB4900618E3C /* TaskView */ = {
			isa = PBXGroup;
			children = (
				04AA93A52BCFEB4900618E3C /* TaskCompletionIconView.swift */,
				04AA93A62BCFEB4900618E3C /* TaskRowView.swift */,
				04AA93A72BCFEB4900618E3C /* TaskView.swift */,
				04AA93A82BCFEB4900618E3C /* NoLessonsView.swift */,
			);
			path = TaskView;
			sourceTree = "<group>";
		};
		04AA93A92BCFEB4900618E3C /* JSON */ = {
			isa = PBXGroup;
			children = (
				043EB3E52BD2917300D4144F /* questions */,
				04AA93AA2BCFEB4900618E3C /* lessons.json */,
			);
			path = JSON;
			sourceTree = "<group>";
		};
		04AA93BA2BCFF51900618E3C /* QuestionView */ = {
			isa = PBXGroup;
			children = (
				04AA93BB2BCFF51900618E3C /* QuestionView.swift */,
				04AA93BC2BCFF51900618E3C /* QuestionChoiceBox.swift */,
				04AA93BD2BCFF51900618E3C /* QuestionChoiceView.swift */,
				04AA93BE2BCFF51900618E3C /* ExerciseView.swift */,
				04AA93BF2BCFF51900618E3C /* HelpButtonView.swift */,
				04AA93C02BCFF51900618E3C /* HintView.swift */,
				04AA93C12BCFF51900618E3C /* QuestionBoxView.swift */,
				04AA93C22BCFF51900618E3C /* BreakView.swift */,
				04A6B4892BD2ED2800A8C3F9 /* ExerciseEndView.swift */,
				04A102E42BD92316004BCD2D /* ExerciseStartView.swift */,
				0468018D2BDA6FFB003EBDD8 /* QuestionAlertView.swift */,
			);
			path = QuestionView;
			sourceTree = "<group>";
		};
		04AA93CB2BCFF52200618E3C /* LearnView */ = {
			isa = PBXGroup;
			children = (
				04AA93CC2BCFF52200618E3C /* VideoPlayerView.swift */,
				04AA93CD2BCFF52200618E3C /* LearnView.swift */,
				04AA93CE2BCFF52200618E3C /* VideoIconView.swift */,
			);
			path = LearnView;
			sourceTree = "<group>";
		};
		04AA93D52BCFF78600618E3C /* Videos */ = {
			isa = PBXGroup;
			children = (
				04AA93D62BCFF78600618E3C /* test.mp4 */,
			);
			path = Videos;
			sourceTree = "<group>";
		};
		04B4D20E2BCED4A4007538DB = {
			isa = PBXGroup;
			children = (
				04B4D2192BCED4A4007538DB /* ADHD Math */,
				04B4D2182BCED4A4007538DB /* Products */,
			);
			sourceTree = "<group>";
		};
		04B4D2182BCED4A4007538DB /* Products */ = {
			isa = PBXGroup;
			children = (
				04B4D2172BCED4A4007538DB /* ADHD Math.app */,
			);
			name = Products;
			sourceTree = "<group>";
		};
		04B4D2192BCED4A4007538DB /* ADHD Math */ = {
			isa = PBXGroup;
			children = (
				04A102D62BD91F3E004BCD2D /* LocalFiles */,
				04AA939B2BCFEB4900618E3C /* Models */,
				04AA93982BCFEB4900618E3C /* Preview Content */,
				04AA939F2BCFEB4900618E3C /* ViewModels */,
				04AA93A32BCFEB4900618E3C /* Views */,
				04B4D21A2BCED4A4007538DB /* ADHD_MathApp.swift */,
				04B4D21E2BCED4A6007538DB /* Assets.xcassets */,
				04B4D2202BCED4A6007538DB /* Preview Content */,
			);
			path = "ADHD Math";
			sourceTree = "<group>";
		};
		04B4D2202BCED4A6007538DB /* Preview Content */ = {
			isa = PBXGroup;
			children = (
				04B4D2212BCED4A6007538DB /* Preview Assets.xcassets */,
			);
			path = "Preview Content";
			sourceTree = "<group>";
		};
/* End PBXGroup section */

/* Begin PBXNativeTarget section */
		04B4D2162BCED4A4007538DB /* ADHD Math */ = {
			isa = PBXNativeTarget;
			buildConfigurationList = 04B4D2252BCED4A6007538DB /* Build configuration list for PBXNativeTarget "ADHD Math" */;
			buildPhases = (
				04B4D2132BCED4A4007538DB /* Sources */,
				04B4D2142BCED4A4007538DB /* Frameworks */,
				04B4D2152BCED4A4007538DB /* Resources */,
			);
			buildRules = (
			);
			dependencies = (
			);
			name = "ADHD Math";
			packageProductDependencies = (
				04AA93D32BCFF5B500618E3C /* LaTeXSwiftUI */,
			);
			productName = "ADHD Math";
			productReference = 04B4D2172BCED4A4007538DB /* ADHD Math.app */;
			productType = "com.apple.product-type.application";
		};
/* End PBXNativeTarget section */

/* Begin PBXProject section */
		04B4D20F2BCED4A4007538DB /* Project object */ = {
			isa = PBXProject;
			attributes = {
				BuildIndependentTargetsInParallel = 1;
				LastSwiftUpdateCheck = 1500;
				LastUpgradeCheck = 1500;
				TargetAttributes = {
					04B4D2162BCED4A4007538DB = {
						CreatedOnToolsVersion = 15.0;
					};
				};
			};
			buildConfigurationList = 04B4D2122BCED4A4007538DB /* Build configuration list for PBXProject "ADHD Math" */;
			compatibilityVersion = "Xcode 14.0";
			developmentRegion = en;
			hasScannedForEncodings = 0;
			knownRegions = (
				en,
				Base,
			);
			mainGroup = 04B4D20E2BCED4A4007538DB;
			packageReferences = (
				04AA93D22BCFF5B500618E3C /* XCRemoteSwiftPackageReference "LaTeXSwiftUI" */,
			);
			productRefGroup = 04B4D2182BCED4A4007538DB /* Products */;
			projectDirPath = "";
			projectRoot = "";
			targets = (
				04B4D2162BCED4A4007538DB /* ADHD Math */,
			);
		};
/* End PBXProject section */

/* Begin PBXResourcesBuildPhase section */
		04B4D2152BCED4A4007538DB /* Resources */ = {
			isa = PBXResourcesBuildPhase;
			buildActionMask = 2147483647;
			files = (
				04B4D2222BCED4A6007538DB /* Preview Assets.xcassets in Resources */,
				04AA93D72BCFF78600618E3C /* test.mp4 in Resources */,
				04A102E32BD9225D004BCD2D /* test.png in Resources */,
				04AA93AD2BCFEB4900618E3C /* Preview Assets.xcassets in Resources */,
				043EB3E72BD2919E00D4144F /* example_lesson.json in Resources */,
				04B4D21F2BCED4A6007538DB /* Assets.xcassets in Resources */,
				04A102DF2BD921EC004BCD2D /* pandaPNG.png in Resources */,
				04A102E22BD9225D004BCD2D /* test2.png in Resources */,
				04AA93B82BCFEB4900618E3C /* lessons.json in Resources */,
			);
			runOnlyForDeploymentPostprocessing = 0;
		};
/* End PBXResourcesBuildPhase section */

/* Begin PBXSourcesBuildPhase section */
		04B4D2132BCED4A4007538DB /* Sources */ = {
			isa = PBXSourcesBuildPhase;
			buildActionMask = 2147483647;
			files = (
				04AA93C82BCFF51900618E3C /* HintView.swift in Sources */,
				04AA93D12BCFF52200618E3C /* VideoIconView.swift in Sources */,
				04AA93C52BCFF51900618E3C /* QuestionChoiceView.swift in Sources */,
				04A102E52BD92316004BCD2D /* ExerciseStartView.swift in Sources */,
				04AA93CF2BCFF52200618E3C /* VideoPlayerView.swift in Sources */,
				04AA93AC2BCFEB4900618E3C /* Extensions.swift in Sources */,
				04AA93C62BCFF51900618E3C /* ExerciseView.swift in Sources */,
				04A6B48A2BD2ED2800A8C3F9 /* ExerciseEndView.swift in Sources */,
				04AA93B52BCFEB4900618E3C /* TaskRowView.swift in Sources */,
				0468018E2BDA6FFB003EBDD8 /* QuestionAlertView.swift in Sources */,
				04AA93DE2BD0072900618E3C /* ViewFactory.swift in Sources */,
				04AA93B62BCFEB4900618E3C /* TaskView.swift in Sources */,
				04AA93C92BCFF51900618E3C /* QuestionBoxView.swift in Sources */,
				04AA93CA2BCFF51900618E3C /* BreakView.swift in Sources */,
				04AA93D02BCFF52200618E3C /* LearnView.swift in Sources */,
				04AA93B32BCFEB4900618E3C /* ExerciseViewModel.swift in Sources */,
				04B4D21B2BCED4A4007538DB /* ADHD_MathApp.swift in Sources */,
				04AA93B42BCFEB4900618E3C /* TaskCompletionIconView.swift in Sources */,
				04AA93B12BCFEB4900618E3C /* LessonViewModel.swift in Sources */,
				04AA93C32BCFF51900618E3C /* QuestionView.swift in Sources */,
				04AA93B72BCFEB4900618E3C /* NoLessonsView.swift in Sources */,
				04AA93AE2BCFEB4900618E3C /* QuestionModel.swift in Sources */,
				04AA93C72BCFF51900618E3C /* HelpButtonView.swift in Sources */,
				04AA93C42BCFF51900618E3C /* QuestionChoiceBox.swift in Sources */,
				04AA93B02BCFEB4900618E3C /* LessonModel.swift in Sources */,
			);
			runOnlyForDeploymentPostprocessing = 0;
		};
/* End PBXSourcesBuildPhase section */

/* Begin XCBuildConfiguration section */
		04B4D2232BCED4A6007538DB /* Debug */ = {
			isa = XCBuildConfiguration;
			buildSettings = {
				ALWAYS_SEARCH_USER_PATHS = NO;
				ASSETCATALOG_COMPILER_GENERATE_SWIFT_ASSET_SYMBOL_EXTENSIONS = YES;
				CLANG_ANALYZER_NONNULL = YES;
				CLANG_ANALYZER_NUMBER_OBJECT_CONVERSION = YES_AGGRESSIVE;
				CLANG_CXX_LANGUAGE_STANDARD = "gnu++20";
				CLANG_ENABLE_MODULES = YES;
				CLANG_ENABLE_OBJC_ARC = YES;
				CLANG_ENABLE_OBJC_WEAK = YES;
				CLANG_WARN_BLOCK_CAPTURE_AUTORELEASING = YES;
				CLANG_WARN_BOOL_CONVERSION = YES;
				CLANG_WARN_COMMA = YES;
				CLANG_WARN_CONSTANT_CONVERSION = YES;
				CLANG_WARN_DEPRECATED_OBJC_IMPLEMENTATIONS = YES;
				CLANG_WARN_DIRECT_OBJC_ISA_USAGE = YES_ERROR;
				CLANG_WARN_DOCUMENTATION_COMMENTS = YES;
				CLANG_WARN_EMPTY_BODY = YES;
				CLANG_WARN_ENUM_CONVERSION = YES;
				CLANG_WARN_INFINITE_RECURSION = YES;
				CLANG_WARN_INT_CONVERSION = YES;
				CLANG_WARN_NON_LITERAL_NULL_CONVERSION = YES;
				CLANG_WARN_OBJC_IMPLICIT_RETAIN_SELF = YES;
				CLANG_WARN_OBJC_LITERAL_CONVERSION = YES;
				CLANG_WARN_OBJC_ROOT_CLASS = YES_ERROR;
				CLANG_WARN_QUOTED_INCLUDE_IN_FRAMEWORK_HEADER = YES;
				CLANG_WARN_RANGE_LOOP_ANALYSIS = YES;
				CLANG_WARN_STRICT_PROTOTYPES = YES;
				CLANG_WARN_SUSPICIOUS_MOVE = YES;
				CLANG_WARN_UNGUARDED_AVAILABILITY = YES_AGGRESSIVE;
				CLANG_WARN_UNREACHABLE_CODE = YES;
				CLANG_WARN__DUPLICATE_METHOD_MATCH = YES;
				COPY_PHASE_STRIP = NO;
				DEBUG_INFORMATION_FORMAT = dwarf;
				ENABLE_STRICT_OBJC_MSGSEND = YES;
				ENABLE_TESTABILITY = YES;
				ENABLE_USER_SCRIPT_SANDBOXING = YES;
				GCC_C_LANGUAGE_STANDARD = gnu17;
				GCC_DYNAMIC_NO_PIC = NO;
				GCC_NO_COMMON_BLOCKS = YES;
				GCC_OPTIMIZATION_LEVEL = 0;
				GCC_PREPROCESSOR_DEFINITIONS = (
					"DEBUG=1",
					"$(inherited)",
				);
				GCC_WARN_64_TO_32_BIT_CONVERSION = YES;
				GCC_WARN_ABOUT_RETURN_TYPE = YES_ERROR;
				GCC_WARN_UNDECLARED_SELECTOR = YES;
				GCC_WARN_UNINITIALIZED_AUTOS = YES_AGGRESSIVE;
				GCC_WARN_UNUSED_FUNCTION = YES;
				GCC_WARN_UNUSED_VARIABLE = YES;
				IPHONEOS_DEPLOYMENT_TARGET = 17.0;
				LOCALIZATION_PREFERS_STRING_CATALOGS = YES;
				MTL_ENABLE_DEBUG_INFO = INCLUDE_SOURCE;
				MTL_FAST_MATH = YES;
				ONLY_ACTIVE_ARCH = YES;
				SDKROOT = iphoneos;
				SWIFT_ACTIVE_COMPILATION_CONDITIONS = "DEBUG $(inherited)";
				SWIFT_OPTIMIZATION_LEVEL = "-Onone";
			};
			name = Debug;
		};
		04B4D2242BCED4A6007538DB /* Release */ = {
			isa = XCBuildConfiguration;
			buildSettings = {
				ALWAYS_SEARCH_USER_PATHS = NO;
				ASSETCATALOG_COMPILER_GENERATE_SWIFT_ASSET_SYMBOL_EXTENSIONS = YES;
				CLANG_ANALYZER_NONNULL = YES;
				CLANG_ANALYZER_NUMBER_OBJECT_CONVERSION = YES_AGGRESSIVE;
				CLANG_CXX_LANGUAGE_STANDARD = "gnu++20";
				CLANG_ENABLE_MODULES = YES;
				CLANG_ENABLE_OBJC_ARC = YES;
				CLANG_ENABLE_OBJC_WEAK = YES;
				CLANG_WARN_BLOCK_CAPTURE_AUTORELEASING = YES;
				CLANG_WARN_BOOL_CONVERSION = YES;
				CLANG_WARN_COMMA = YES;
				CLANG_WARN_CONSTANT_CONVERSION = YES;
				CLANG_WARN_DEPRECATED_OBJC_IMPLEMENTATIONS = YES;
				CLANG_WARN_DIRECT_OBJC_ISA_USAGE = YES_ERROR;
				CLANG_WARN_DOCUMENTATION_COMMENTS = YES;
				CLANG_WARN_EMPTY_BODY = YES;
				CLANG_WARN_ENUM_CONVERSION = YES;
				CLANG_WARN_INFINITE_RECURSION = YES;
				CLANG_WARN_INT_CONVERSION = YES;
				CLANG_WARN_NON_LITERAL_NULL_CONVERSION = YES;
				CLANG_WARN_OBJC_IMPLICIT_RETAIN_SELF = YES;
				CLANG_WARN_OBJC_LITERAL_CONVERSION = YES;
				CLANG_WARN_OBJC_ROOT_CLASS = YES_ERROR;
				CLANG_WARN_QUOTED_INCLUDE_IN_FRAMEWORK_HEADER = YES;
				CLANG_WARN_RANGE_LOOP_ANALYSIS = YES;
				CLANG_WARN_STRICT_PROTOTYPES = YES;
				CLANG_WARN_SUSPICIOUS_MOVE = YES;
				CLANG_WARN_UNGUARDED_AVAILABILITY = YES_AGGRESSIVE;
				CLANG_WARN_UNREACHABLE_CODE = YES;
				CLANG_WARN__DUPLICATE_METHOD_MATCH = YES;
				COPY_PHASE_STRIP = NO;
				DEBUG_INFORMATION_FORMAT = "dwarf-with-dsym";
				ENABLE_NS_ASSERTIONS = NO;
				ENABLE_STRICT_OBJC_MSGSEND = YES;
				ENABLE_USER_SCRIPT_SANDBOXING = YES;
				GCC_C_LANGUAGE_STANDARD = gnu17;
				GCC_NO_COMMON_BLOCKS = YES;
				GCC_WARN_64_TO_32_BIT_CONVERSION = YES;
				GCC_WARN_ABOUT_RETURN_TYPE = YES_ERROR;
				GCC_WARN_UNDECLARED_SELECTOR = YES;
				GCC_WARN_UNINITIALIZED_AUTOS = YES_AGGRESSIVE;
				GCC_WARN_UNUSED_FUNCTION = YES;
				GCC_WARN_UNUSED_VARIABLE = YES;
				IPHONEOS_DEPLOYMENT_TARGET = 17.0;
				LOCALIZATION_PREFERS_STRING_CATALOGS = YES;
				MTL_ENABLE_DEBUG_INFO = NO;
				MTL_FAST_MATH = YES;
				SDKROOT = iphoneos;
				SWIFT_COMPILATION_MODE = wholemodule;
				VALIDATE_PRODUCT = YES;
			};
			name = Release;
		};
		04B4D2262BCED4A6007538DB /* Debug */ = {
			isa = XCBuildConfiguration;
			buildSettings = {
				ASSETCATALOG_COMPILER_APPICON_NAME = AppIcon;
				ASSETCATALOG_COMPILER_GLOBAL_ACCENT_COLOR_NAME = AccentColor;
				CODE_SIGN_STYLE = Automatic;
				CURRENT_PROJECT_VERSION = 1;
				DEVELOPMENT_ASSET_PATHS = "\"ADHD Math/Preview Content\"";
				ENABLE_PREVIEWS = YES;
				GENERATE_INFOPLIST_FILE = YES;
				INFOPLIST_KEY_UIApplicationSceneManifest_Generation = YES;
				INFOPLIST_KEY_UIApplicationSupportsIndirectInputEvents = YES;
				INFOPLIST_KEY_UILaunchScreen_Generation = YES;
				INFOPLIST_KEY_UISupportedInterfaceOrientations_iPad = "UIInterfaceOrientationPortrait UIInterfaceOrientationPortraitUpsideDown UIInterfaceOrientationLandscapeLeft UIInterfaceOrientationLandscapeRight";
				INFOPLIST_KEY_UISupportedInterfaceOrientations_iPhone = "UIInterfaceOrientationPortrait UIInterfaceOrientationLandscapeLeft UIInterfaceOrientationLandscapeRight";
				LD_RUNPATH_SEARCH_PATHS = (
					"$(inherited)",
					"@executable_path/Frameworks",
				);
				MARKETING_VERSION = 1.0;
				PRODUCT_BUNDLE_IDENTIFIER = "com.bencw.ADHD-Math";
				PRODUCT_NAME = "$(TARGET_NAME)";
				SWIFT_EMIT_LOC_STRINGS = YES;
				SWIFT_VERSION = 5.0;
				TARGETED_DEVICE_FAMILY = "1,2";
			};
			name = Debug;
		};
		04B4D2272BCED4A6007538DB /* Release */ = {
			isa = XCBuildConfiguration;
			buildSettings = {
				ASSETCATALOG_COMPILER_APPICON_NAME = AppIcon;
				ASSETCATALOG_COMPILER_GLOBAL_ACCENT_COLOR_NAME = AccentColor;
				CODE_SIGN_STYLE = Automatic;
				CURRENT_PROJECT_VERSION = 1;
				DEVELOPMENT_ASSET_PATHS = "\"ADHD Math/Preview Content\"";
				ENABLE_PREVIEWS = YES;
				GENERATE_INFOPLIST_FILE = YES;
				INFOPLIST_KEY_UIApplicationSceneManifest_Generation = YES;
				INFOPLIST_KEY_UIApplicationSupportsIndirectInputEvents = YES;
				INFOPLIST_KEY_UILaunchScreen_Generation = YES;
				INFOPLIST_KEY_UISupportedInterfaceOrientations_iPad = "UIInterfaceOrientationPortrait UIInterfaceOrientationPortraitUpsideDown UIInterfaceOrientationLandscapeLeft UIInterfaceOrientationLandscapeRight";
				INFOPLIST_KEY_UISupportedInterfaceOrientations_iPhone = "UIInterfaceOrientationPortrait UIInterfaceOrientationLandscapeLeft UIInterfaceOrientationLandscapeRight";
				LD_RUNPATH_SEARCH_PATHS = (
					"$(inherited)",
					"@executable_path/Frameworks",
				);
				MARKETING_VERSION = 1.0;
				PRODUCT_BUNDLE_IDENTIFIER = "com.bencw.ADHD-Math";
				PRODUCT_NAME = "$(TARGET_NAME)";
				SWIFT_EMIT_LOC_STRINGS = YES;
				SWIFT_VERSION = 5.0;
				TARGETED_DEVICE_FAMILY = "1,2";
			};
			name = Release;
		};
/* End XCBuildConfiguration section */

/* Begin XCConfigurationList section */
		04B4D2122BCED4A4007538DB /* Build configuration list for PBXProject "ADHD Math" */ = {
			isa = XCConfigurationList;
			buildConfigurations = (
				04B4D2232BCED4A6007538DB /* Debug */,
				04B4D2242BCED4A6007538DB /* Release */,
			);
			defaultConfigurationIsVisible = 0;
			defaultConfigurationName = Release;
		};
		04B4D2252BCED4A6007538DB /* Build configuration list for PBXNativeTarget "ADHD Math" */ = {
			isa = XCConfigurationList;
			buildConfigurations = (
				04B4D2262BCED4A6007538DB /* Debug */,
				04B4D2272BCED4A6007538DB /* Release */,
			);
			defaultConfigurationIsVisible = 0;
			defaultConfigurationName = Release;
		};
/* End XCConfigurationList section */

/* Begin XCRemoteSwiftPackageReference section */
		04AA93D22BCFF5B500618E3C /* XCRemoteSwiftPackageReference "LaTeXSwiftUI" */ = {
			isa = XCRemoteSwiftPackageReference;
			repositoryURL = "https://github.com/colinc86/LaTeXSwiftUI";
			requirement = {
				branch = main;
				kind = branch;
			};
		};
/* End XCRemoteSwiftPackageReference section */

/* Begin XCSwiftPackageProductDependency section */
		04AA93D32BCFF5B500618E3C /* LaTeXSwiftUI */ = {
			isa = XCSwiftPackageProductDependency;
			package = 04AA93D22BCFF5B500618E3C /* XCRemoteSwiftPackageReference "LaTeXSwiftUI" */;
			productName = LaTeXSwiftUI;
		};
/* End XCSwiftPackageProductDependency section */
	};
	rootObject = 04B4D20F2BCED4A4007538DB /* Project object */;
}
